
Microsoft Visual Studio Solution File, Format Version 12.00
# Visual Studio Version 17
VisualStudioVersion = 17.5.002.0
MinimumVisualStudioVersion = 10.0.40219.1
Project("{2150E333-8FDC-42A3-9474-1A3956D46DE8}") = "src", "src", "{5112DA48-2578-4741-B5A3-292020A8CD6D}"
EndProject
Project("{2150E333-8FDC-42A3-9474-1A3956D46DE8}") = "services", "services", "{22645802-648A-4BE9-8C3C-93A1E6582D64}"
EndProject
Project("{9A19103F-16F7-4668-BE54-9A1E7A4F7556}") = "DiscountService", "src\services\DiscountService\DiscountService.csproj", "{690A8E69-FA18-4E40-BA72-2F7FE292879A}"
EndProject
Global
	GlobalSection(SolutionConfigurationPlatforms) = preSolution
		Debug|Any CPU = Debug|Any CPU
		Release|Any CPU = Release|Any CPU
	EndGlobalSection
	GlobalSection(ProjectConfigurationPlatforms) = postSolution
		{690A8E69-FA18-4E40-BA72-2F7FE292879A}.Debug|Any CPU.ActiveCfg = Debug|Any CPU
		{690A8E69-FA18-4E40-BA72-2F7FE292879A}.Debug|Any CPU.Build.0 = Debug|Any CPU
		{690A8E69-FA18-4E40-BA72-2F7FE292879A}.Release|Any CPU.ActiveCfg = Release|Any CPU
		{690A8E69-FA18-4E40-BA72-2F7FE292879A}.Release|Any CPU.Build.0 = Release|Any CPU
	EndGlobalSection
	GlobalSection(SolutionProperties) = preSolution
		HideSolutionNode = FALSE
	EndGlobalSection
	GlobalSection(NestedProjects) = preSolution
		{22645802-648A-4BE9-8C3C-93A1E6582D64} = {5112DA48-2578-4741-B5A3-292020A8CD6D}
		{690A8E69-FA18-4E40-BA72-2F7FE292879A} = {22645802-648A-4BE9-8C3C-93A1E6582D64}
	EndGlobalSection
	GlobalSection(ExtensibilityGlobals) = postSolution
		SolutionGuid = {275B1635-8E82-47BA-84F6-BC221F2AA5BC}
	EndGlobalSection
EndGlobal
